{
  "name": "cidro",
  "version": "0.1.5",
  "lockfileVersion": 1,
  "requires": true,
  "dependencies": {
    "initials": {
      "version": "3.0.1",
      "resolved": "https://registry.npmjs.org/initials/-/initials-3.0.1.tgz",
      "integrity": "sha512-jZHGpuCnASob7wrbdq7/m9VFv5eJJR8pHpB2e46M0Q4A86ym9m2GK3oxH4ai0HQNQlGGWPQQapZoO+qgxw5X8Q=="
    }
  }
}
